
Microsoft Visual Studio Solution File, Format Version 12.00
# Visual Studio Version 17
VisualStudioVersion = 17.1.32228.430
MinimumVisualStudioVersion = 10.0.40219.1
Project("{FAE04EC0-301F-11D3-BF4B-00C04F79EFBC}") = "ManageEmployeeDB", "ManageEmployeeDB\ManageEmployeeDB.csproj", "{FD8AFB7A-21F0-4A3E-845D-62AB279AA49E}"
EndProject
Global
	GlobalSection(SolutionConfigurationPlatforms) = preSolution
		Debug|Any CPU = Debug|Any CPU
		Release|Any CPU = Release|Any CPU
	EndGlobalSection
	GlobalSection(ProjectConfigurationPlatforms) = postSolution
		{FD8AFB7A-21F0-4A3E-845D-62AB279AA49E}.Debug|Any CPU.ActiveCfg = Debug|Any CPU
		{FD8AFB7A-21F0-4A3E-845D-62AB279AA49E}.Debug|Any CPU.Build.0 = Debug|Any CPU
		{FD8AFB7A-21F0-4A3E-845D-62AB279AA49E}.Release|Any CPU.ActiveCfg = Release|Any CPU
		{FD8AFB7A-21F0-4A3E-845D-62AB279AA49E}.Release|Any CPU.Build.0 = Release|Any CPU
	EndGlobalSection
	GlobalSection(SolutionProperties) = preSolution
		HideSolutionNode = FALSE
	EndGlobalSection
	GlobalSection(ExtensibilityGlobals) = postSolution
		SolutionGuid = {C000B94E-BD4A-4C84-B161-108619DF3210}
	EndGlobalSection
EndGlobal
